Microsoft Visual Studio Solution File, Format Version 12.00
# Visual Studio Version 17
VisualStudioVersion = 17.5.2.0
MinimumVisualStudioVersion = 10.0.40219.1
Project("{FAE04EC0-301F-11D3-BF4B-00C04F79EFBC}") = "InvoiceSystemC#", "InvoiceSystemC#\InvoiceSystemC#.csproj", "{7E6AEB23-492D-FD97-5FA3-BF2FF5FDF1A8}"
EndProject
Global
	GlobalSection(SolutionConfigurationPlatforms) = preSolution
		Debug|Any CPU = Debug|Any CPU
		Release|Any CPU = Release|Any CPU
	EndGlobalSection
	GlobalSection(ProjectConfigurationPlatforms) = postSolution
		{7E6AEB23-492D-FD97-5FA3-BF2FF5FDF1A8}.Debug|Any CPU.ActiveCfg = Debug|Any CPU
		{7E6AEB23-492D-FD97-5FA3-BF2FF5FDF1A8}.Debug|Any CPU.Build.0 = Debug|Any CPU
		{7E6AEB23-492D-FD97-5FA3-BF2FF5FDF1A8}.Release|Any CPU.ActiveCfg = Release|Any CPU
		{7E6AEB23-492D-FD97-5FA3-BF2FF5FDF1A8}.Release|Any CPU.Build.0 = Release|Any CPU
	EndGlobalSection
	GlobalSection(SolutionProperties) = preSolution
		HideSolutionNode = FALSE
	EndGlobalSection
	GlobalSection(ExtensibilityGlobals) = postSolution
		SolutionGuid = {55F542B4-3E89-4872-929E-57798BFA3ABE}
	EndGlobalSection
EndGlobal
